{
  "pins" : [
    {
      "identity" : "chronometer",
      "kind" : "remoteSourceControl",
      "location" : "https://github.com/KittyMac/Chronometer.git",
      "state" : {
        "revision" : "b4808d59a175b1f764cc3d7e2e927e5476b10427",
        "version" : "0.1.11"
      }
    },
    {
      "identity" : "cryptoswift",
      "kind" : "remoteSourceControl",
      "location" : "https://github.com/krzyzanowskim/CryptoSwift.git",
      "state" : {
        "revision" : "7892a123f7e8d0fe62f9f03728b17bbd4f94df5c",
        "version" : "1.8.1"
      }
    },
    {
      "identity" : "flynn",
      "kind" : "remoteSourceControl",
      "location" : "https://github.com/KittyMac/Flynn.git",
      "state" : {
        "revision" : "b6de79ad9532be937b896ccaaea112216deddea8",
        "version" : "0.4.66"
      }
    },
    {
      "identity" : "gzipswift",
      "kind" : "remoteSourceControl",
      "location" : "https://github.com/KittyMac/GzipSwift.git",
      "state" : {
        "revision" : "a9bbc39238e197e3e20b4346c45bfed767a817fe",
        "version" : "5.3.3"
      }
    },
    {
      "identity" : "hitch",
      "kind" : "remoteSourceControl",
      "location" : "https://github.com/KittyMac/Hitch.git",
      "state" : {
        "revision" : "b23dba215ecaf089996b6975cdc996376ce27cd5",
        "version" : "0.4.117"
      }
    },
    {
      "identity" : "jib",
      "kind" : "remoteSourceControl",
      "location" : "https://github.com/KittyMac/Jib.git",
      "state" : {
        "revision" : "c44d90702f7c9d724a29bde857271b8a78a5b516",
        "version" : "0.0.69"
      }
    },
    {
      "identity" : "pamphlet",
      "kind" : "remoteSourceControl",
      "location" : "https://github.com/KittyMac/Pamphlet.git",
      "state" : {
        "revision" : "b41a5bbc70a578d5a0672f0866ae49bfb095baa8",
        "version" : "0.3.90"
      }
    },
    {
      "identity" : "picaroon",
      "kind" : "remoteSourceControl",
      "location" : "https://github.com/KittyMac/Picaroon.git",
      "state" : {
        "revision" : "16b997dc729d1049ad3da302a3b1b88d1fa4d26c",
        "version" : "0.4.135"
      }
    },
    {
      "identity" : "sextant",
      "kind" : "remoteSourceControl",
      "location" : "https://github.com/KittyMac/Sextant.git",
      "state" : {
        "revision" : "7c940fcb7a84c9d1a310707f91e1710c9803d8ea",
        "version" : "0.4.29"
      }
    },
    {
      "identity" : "spanker",
      "kind" : "remoteSourceControl",
      "location" : "https://github.com/KittyMac/Spanker.git",
      "state" : {
        "revision" : "6b0edd2996d1f3bebb534fb05e20eac6bf8c8739",
        "version" : "0.2.46"
      }
    },
    {
      "identity" : "spyglass",
      "kind" : "remoteSourceControl",
      "location" : "https://github.com/KittyMac/Spyglass.git",
      "state" : {
        "revision" : "99447e7eb38fd05336b08b761a830b8738790f8d",
        "version" : "0.0.11"
      }
    },
    {
      "identity" : "studding",
      "kind" : "remoteSourceControl",
      "location" : "https://github.com/KittyMac/Studding.git",
      "state" : {
        "revision" : "f56ddf21dd83cbbbb4a839e678384ed74a8cc0fc",
        "version" : "0.0.11"
      }
    }
  ],
  "version" : 2
}
