{
  "pins" : [
    {
      "identity" : "chronometer",
      "kind" : "remoteSourceControl",
      "location" : "https://github.com/KittyMac/Chronometer.git",
      "state" : {
        "revision" : "b4808d59a175b1f764cc3d7e2e927e5476b10427",
        "version" : "0.1.11"
      }
    },
    {
      "identity" : "cryptoswift",
      "kind" : "remoteSourceControl",
      "location" : "https://github.com/krzyzanowskim/CryptoSwift.git",
      "state" : {
        "revision" : "7892a123f7e8d0fe62f9f03728b17bbd4f94df5c",
        "version" : "1.8.1"
      }
    },
    {
      "identity" : "flynn",
      "kind" : "remoteSourceControl",
      "location" : "https://github.com/KittyMac/Flynn.git",
      "state" : {
        "revision" : "ee3a54f60e2d504439268249a583e34f8724a348",
        "version" : "0.4.74"
      }
    },
    {
      "identity" : "gzipswift",
      "kind" : "remoteSourceControl",
      "location" : "https://github.com/KittyMac/GzipSwift.git",
      "state" : {
        "revision" : "a9bbc39238e197e3e20b4346c45bfed767a817fe",
        "version" : "5.3.3"
      }
    },
    {
      "identity" : "hitch",
      "kind" : "remoteSourceControl",
      "location" : "https://github.com/KittyMac/Hitch.git",
      "state" : {
        "revision" : "3cd1488b3d81e50b94bce65ca4fc512adb9e0a10",
        "version" : "0.4.119"
      }
    },
    {
      "identity" : "jib",
      "kind" : "remoteSourceControl",
      "location" : "https://github.com/KittyMac/Jib.git",
      "state" : {
        "revision" : "c44d90702f7c9d724a29bde857271b8a78a5b516",
        "version" : "0.0.69"
      }
    },
    {
      "identity" : "mailpacket",
      "kind" : "remoteSourceControl",
      "location" : "https://github.com/KittyMac/MailPacket.git",
      "state" : {
        "revision" : "963fe9983bdca8c23be6dfb59528472a073d72d1",
        "version" : "0.0.3"
      }
    },
    {
      "identity" : "pamphlet",
      "kind" : "remoteSourceControl",
      "location" : "https://github.com/KittyMac/Pamphlet.git",
      "state" : {
        "revision" : "9b7c7a2ab5d1f93cfb9c97836ef0ae4e65408aff",
        "version" : "0.3.95"
      }
    },
    {
      "identity" : "picaroon",
      "kind" : "remoteSourceControl",
      "location" : "https://github.com/KittyMac/Picaroon.git",
      "state" : {
        "revision" : "623864cc6aded2eaf03b1ffa32165c4871ff0ef3",
        "version" : "0.4.155"
      }
    },
    {
      "identity" : "sextant",
      "kind" : "remoteSourceControl",
      "location" : "https://github.com/KittyMac/Sextant.git",
      "state" : {
        "revision" : "8b2a6994db60b12d2a43712b34cd26a01d0af918",
        "version" : "0.4.30"
      }
    },
    {
      "identity" : "spanker",
      "kind" : "remoteSourceControl",
      "location" : "https://github.com/KittyMac/Spanker.git",
      "state" : {
        "revision" : "96e58f68274a2e6f370fff153ceb5674a06936c4",
        "version" : "0.2.47"
      }
    },
    {
      "identity" : "spyglass",
      "kind" : "remoteSourceControl",
      "location" : "https://github.com/KittyMac/Spyglass.git",
      "state" : {
        "revision" : "10d69eaf7881d70416e95d58938b40538bca729d",
        "version" : "0.0.26"
      }
    },
    {
      "identity" : "studding",
      "kind" : "remoteSourceControl",
      "location" : "https://github.com/KittyMac/Studding.git",
      "state" : {
        "revision" : "f56ddf21dd83cbbbb4a839e678384ed74a8cc0fc",
        "version" : "0.0.11"
      }
    }
  ],
  "version" : 2
}
